# THIS IS AN AUTOGENERATED FILE. DO NOT EDIT THIS FILE DIRECTLY.
# yarn lockfile v1


"colors@>= 0.3.0":
  version "1.4.0"
  resolved "https://registry.yarnpkg.com/colors/-/colors-1.4.0.tgz#c50491479d4c1bdaed2c9ced32cf7c7dc2360f78"
  integrity sha512-a+UqTh4kgZg/SlGvfbzDHpgRu7AAQOmmqRHJnxhRZICKFUT91brVhNNt58CMWU9PsBbv3PDCZUHbVxuDiH2mtA==

play@^0.5.0:
  version "0.5.0"
  resolved "https://registry.yarnpkg.com/play/-/play-0.5.0.tgz#f814e67163de29de7b9d9e905df8389ae4ea6347"
  integrity sha1-+BTmcWPeKd57nZ6QXfg4muTqY0c=
  dependencies:
    colors ">= 0.3.0"

sound-play@^1.1.0:
  version "1.1.0"
  resolved "https://registry.yarnpkg.com/sound-play/-/sound-play-1.1.0.tgz#58ffa31d1bf51822d49d91ff7865591fd9376381"
  integrity sha512-Bd/L0AoCwITFeOnpNLMsfPXrV5GG5NhrC/T6odveahYbhPZkdTnrFXRia9FCC5WBWdUTw1d+yvLBvi4wnD1xOA==
